{
  "name": "packages",
  "version": "1.0.1",
  "lockfileVersion": 1,
  "requires": true,
  "dependencies": {
    "@marcmrf/dummy-package": {
      "version": "1.0.6",
      "resolved": "https://npm.pkg.github.com/download/@marcmrf/dummy-package/1.0.6/df4ad715dbe2668c28d1e368d93a82e9268e9196989052b6d7437f134c3eddc0",
      "integrity": "sha512-3gzgcoy3gUA836+e6zEHVGSstRrMIv7CGofbDUohuJVMJekeVYvX8t8BSYTKO4bnlWehU+vp/G3UHt2qXwOcaw==",
      "requires": {
        "lodash": "^4.17.20"
      }
    },
    "lodash": {
      "version": "4.17.20",
      "resolved": "https://registry.npmjs.org/lodash/-/lodash-4.17.20.tgz",
      "integrity": "sha512-PlhdFcillOINfeV7Ni6oF1TAEayyZBoZ8bcshTHqOYJYlrqzRK5hagpagky5o4HfCzzd1TRkXPMFq6cKk9rGmA=="
    }
  }
}
