{
  "name": "packages",
  "version": "1.0.1",
  "lockfileVersion": 1,
  "requires": true,
  "dependencies": {
    "@marcmrf/dummy-package": {
      "version": "1.0.6-alpha.2.878",
      "resolved": "https://npm.pkg.github.com/download/@marcmrf/dummy-package/1.0.6-alpha.2.878/7ed6853ed31ee805c5f9ef8a10bfa6f6f6d37f07b7d1a881cfbe1bec925d11e0",
      "integrity": "sha512-OEZ/vgueP+pHnB2LnG5o8VwkwmVEZ7X3tPzz1mwRwfvNjrR6bGvRNPB6OKYCrVxl+izmjseKfRhyQQFTKSj+jw==",
      "requires": {
        "lodash": "^4.17.20"
      }
    },
    "lodash": {
      "version": "4.17.20",
      "resolved": "https://registry.npmjs.org/lodash/-/lodash-4.17.20.tgz",
      "integrity": "sha512-PlhdFcillOINfeV7Ni6oF1TAEayyZBoZ8bcshTHqOYJYlrqzRK5hagpagky5o4HfCzzd1TRkXPMFq6cKk9rGmA=="
    }
  }
}
