{
  "name": "packages",
  "version": "1.0.1",
  "lockfileVersion": 1,
  "requires": true,
  "dependencies": {
    "@marcmrf/dummy-package": {
      "version": "1.0.0",
      "resolved": "https://npm.pkg.github.com/download/@marcmrf/dummy-package/1.0.0/7eff5b19b77f5471ac71933e0b27f2b2144c1038b5b4cdf264a3b965cc83ed4b",
      "integrity": "sha512-tRz4bM54BiEuBLjm3fUQk7eEBAjnA8pWx0kxC0OFTxqqFacRAUSJ/FMQ4wxW6QG8ls+6PTP6Ch8B4OEhaXHk/g==",
      "requires": {
        "lodash": "^4.17.20"
      }
    },
    "lodash": {
      "version": "4.17.20",
      "resolved": "https://registry.npmjs.org/lodash/-/lodash-4.17.20.tgz",
      "integrity": "sha512-PlhdFcillOINfeV7Ni6oF1TAEayyZBoZ8bcshTHqOYJYlrqzRK5hagpagky5o4HfCzzd1TRkXPMFq6cKk9rGmA=="
    }
  }
}
